Microsoft Visual Studio Solution File, Format Version 12.00
# Visual Studio Version 17
VisualStudioVersion = 17.5.2.0
MinimumVisualStudioVersion = 10.0.40219.1
Project("{FAE04EC0-301F-11D3-BF4B-00C04F79EFBC}") = "SingletonApp", "SingletonApp\SingletonApp.csproj", "{86D3E1E4-3818-46D1-B085-B5F5B77A6A43}"
EndProject
Project("{FAE04EC0-301F-11D3-BF4B-00C04F79EFBC}") = "Logistics", "Logistics\Logistics.csproj", "{399EC128-B277-4152-91AE-81AB5115FF08}"
EndProject
Global
	GlobalSection(SolutionConfigurationPlatforms) = preSolution
		Debug|Any CPU = Debug|Any CPU
		Release|Any CPU = Release|Any CPU
	EndGlobalSection
	GlobalSection(ProjectConfigurationPlatforms) = postSolution
		{86D3E1E4-3818-46D1-B085-B5F5B77A6A43}.Debug|Any CPU.ActiveCfg = Debug|Any CPU
		{86D3E1E4-3818-46D1-B085-B5F5B77A6A43}.Debug|Any CPU.Build.0 = Debug|Any CPU
		{86D3E1E4-3818-46D1-B085-B5F5B77A6A43}.Release|Any CPU.ActiveCfg = Release|Any CPU
		{86D3E1E4-3818-46D1-B085-B5F5B77A6A43}.Release|Any CPU.Build.0 = Release|Any CPU
		{399EC128-B277-4152-91AE-81AB5115FF08}.Debug|Any CPU.ActiveCfg = Debug|Any CPU
		{399EC128-B277-4152-91AE-81AB5115FF08}.Debug|Any CPU.Build.0 = Debug|Any CPU
		{399EC128-B277-4152-91AE-81AB5115FF08}.Release|Any CPU.ActiveCfg = Release|Any CPU
		{399EC128-B277-4152-91AE-81AB5115FF08}.Release|Any CPU.Build.0 = Release|Any CPU
	EndGlobalSection
	GlobalSection(SolutionProperties) = preSolution
		HideSolutionNode = FALSE
	EndGlobalSection
	GlobalSection(ExtensibilityGlobals) = postSolution
		SolutionGuid = {0A849320-6A3A-4E45-A043-55928591B45B}
	EndGlobalSection
EndGlobal
